# This file was autogenerated by uv via the following command:
#    uv pip compile pyproject.toml -o requirements.lock
alembic==1.18.4
    # via pulse-backend (pyproject.toml)
amqp==5.3.1
    # via kombu
annotated-doc==0.0.4
    # via
    #   fastapi
    #   typer
annotated-types==0.7.0
    # via pydantic
anthropic==0.84.0
    # via pulse-backend (pyproject.toml)
anyio==4.12.1
    # via
    #   anthropic
    #   httpx
    #   openai
    #   sse-starlette
    #   starlette
    #   watchfiles
argon2-cffi==25.1.0
    # via
    #   pulse-backend (pyproject.toml)
    #   passlib
argon2-cffi-bindings==25.1.0
    # via argon2-cffi
babel==2.18.0
    # via courlan
beautifulsoup4==4.14.3
    # via pulse-backend (pyproject.toml)
bertopic==0.17.4
    # via pulse-backend (pyproject.toml)
bidict==0.23.1
    # via python-socketio
billiard==4.2.4
    # via celery
celery==5.6.2
    # via pulse-backend (pyproject.toml)
certifi==2026.2.25
    # via
    #   httpcore
    #   httpx
    #   hubspot-api-client
    #   requests
    #   trafilatura
cffi==2.0.0
    # via
    #   argon2-cffi-bindings
    #   cryptography
charset-normalizer==3.4.5
    # via
    #   htmldate
    #   requests
    #   trafilatura
click==8.3.1
    # via
    #   celery
    #   click-didyoumean
    #   click-plugins
    #   click-repl
    #   typer
    #   uvicorn
click-didyoumean==0.3.1
    # via celery
click-plugins==1.1.1.2
    # via celery
click-repl==0.3.0
    # via celery
courlan==1.3.2
    # via trafilatura
cryptography==46.0.5
    # via
    #   pulse-backend (pyproject.toml)
    #   google-auth
    #   python-jose
dateparser==1.3.0
    # via htmldate
defusedxml==0.7.1
    # via
    #   pulse-backend (pyproject.toml)
    #   jira
deprecated==1.3.1
    # via limits
distro==1.9.0
    # via
    #   anthropic
    #   openai
dnspython==2.8.0
    # via email-validator
docstring-parser==0.17.0
    # via anthropic
ecdsa==0.19.1
    # via python-jose
email-validator==2.3.0
    # via pydantic
fastapi==0.135.1
    # via pulse-backend (pyproject.toml)
filelock==3.25.2
    # via
    #   huggingface-hub
    #   torch
fsspec==2026.2.0
    # via
    #   huggingface-hub
    #   torch
google-ai-generativelanguage==0.6.15
    # via google-generativeai
google-api-core==2.30.0
    # via
    #   google-ai-generativelanguage
    #   google-api-python-client
    #   google-generativeai
google-api-python-client==2.192.0
    # via google-generativeai
google-auth==2.49.1
    # via
    #   google-ai-generativelanguage
    #   google-api-core
    #   google-api-python-client
    #   google-auth-httplib2
    #   google-generativeai
google-auth-httplib2==0.3.0
    # via google-api-python-client
google-generativeai==0.8.6
    # via pulse-backend (pyproject.toml)
googleapis-common-protos==1.73.0
    # via
    #   google-api-core
    #   grpcio-status
greenlet==3.3.2
    # via
    #   playwright
    #   sqlalchemy
grpcio==1.78.0
    # via
    #   google-api-core
    #   grpcio-status
grpcio-status==1.71.2
    # via google-api-core
h11==0.16.0
    # via
    #   httpcore
    #   uvicorn
    #   wsproto
hdbscan==0.8.41
    # via
    #   pulse-backend (pyproject.toml)
    #   bertopic
hf-xet==1.4.2
    # via huggingface-hub
htmldate==1.9.4
    # via trafilatura
httpcore==1.0.9
    # via httpx
httplib2==0.31.2
    # via
    #   google-api-python-client
    #   google-auth-httplib2
httptools==0.7.1
    # via uvicorn
httpx==0.28.1
    # via
    #   pulse-backend (pyproject.toml)
    #   anthropic
    #   huggingface-hub
    #   openai
hubspot-api-client==12.0.0
    # via pulse-backend (pyproject.toml)
huggingface-hub==1.7.1
    # via
    #   sentence-transformers
    #   tokenizers
    #   transformers
idna==3.11
    # via
    #   anyio
    #   email-validator
    #   httpx
    #   requests
jinja2==3.1.6
    # via torch
jira==3.10.5
    # via pulse-backend (pyproject.toml)
jiter==0.13.0
    # via
    #   anthropic
    #   openai
joblib==1.5.3
    # via
    #   hdbscan
    #   pynndescent
    #   scikit-learn
justext==3.0.2
    # via trafilatura
kombu==5.6.2
    # via celery
limits==5.8.0
    # via slowapi
llvmlite==0.46.0
    # via
    #   bertopic
    #   numba
    #   pynndescent
lxml==6.0.2
    # via
    #   htmldate
    #   justext
    #   lxml-html-clean
    #   python-docx
    #   trafilatura
lxml-html-clean==0.4.4
    # via lxml
mako==1.3.10
    # via alembic
markdown-it-py==4.0.0
    # via rich
markupsafe==3.0.3
    # via
    #   jinja2
    #   mako
mdurl==0.1.2
    # via markdown-it-py
mpmath==1.3.0
    # via sympy
narwhals==2.18.0
    # via plotly
networkx==3.6.1
    # via torch
numba==0.64.0
    # via
    #   pynndescent
    #   umap-learn
numpy==2.4.3
    # via
    #   pulse-backend (pyproject.toml)
    #   bertopic
    #   hdbscan
    #   numba
    #   pandas
    #   pgvector
    #   scikit-learn
    #   scipy
    #   sentence-transformers
    #   transformers
    #   umap-learn
oauthlib==3.3.1
    # via requests-oauthlib
openai==2.26.0
    # via pulse-backend (pyproject.toml)
packaging==26.0
    # via
    #   huggingface-hub
    #   jira
    #   kombu
    #   limits
    #   plotly
    #   transformers
pandas==3.0.1
    # via bertopic
passlib==1.7.4
    # via pulse-backend (pyproject.toml)
pgvector==0.4.2
    # via pulse-backend (pyproject.toml)
pillow==12.1.1
    # via qrcode
playwright==1.58.0
    # via pulse-backend (pyproject.toml)
plotly==6.6.0
    # via bertopic
prompt-toolkit==3.0.52
    # via click-repl
proto-plus==1.27.1
    # via
    #   google-ai-generativelanguage
    #   google-api-core
protobuf==5.29.6
    # via
    #   google-ai-generativelanguage
    #   google-api-core
    #   google-generativeai
    #   googleapis-common-protos
    #   grpcio-status
    #   proto-plus
psycopg==3.3.3
    # via pulse-backend (pyproject.toml)
psycopg-binary==3.3.3
    # via psycopg
psycopg-pool==3.3.0
    # via psycopg
pyasn1==0.6.2
    # via
    #   pyasn1-modules
    #   python-jose
    #   rsa
pyasn1-modules==0.4.2
    # via google-auth
pycparser==3.0
    # via cffi
pydantic==2.12.5
    # via
    #   pulse-backend (pyproject.toml)
    #   anthropic
    #   fastapi
    #   google-generativeai
    #   openai
    #   pydantic-settings
pydantic-core==2.41.5
    # via pydantic
pydantic-settings==2.13.1
    # via pulse-backend (pyproject.toml)
pyee==13.0.1
    # via playwright
pygments==2.19.2
    # via rich
pymupdf==1.27.2
    # via pulse-backend (pyproject.toml)
pynndescent==0.6.0
    # via umap-learn
pyotp==2.9.0
    # via pulse-backend (pyproject.toml)
pyparsing==3.3.2
    # via httplib2
python-dateutil==2.9.0.post0
    # via
    #   celery
    #   dateparser
    #   htmldate
    #   hubspot-api-client
    #   pandas
python-docx==1.2.0
    # via pulse-backend (pyproject.toml)
python-dotenv==1.2.2
    # via
    #   pydantic-settings
    #   uvicorn
python-engineio==4.13.1
    # via python-socketio
python-jose==3.5.0
    # via pulse-backend (pyproject.toml)
python-multipart==0.0.22
    # via pulse-backend (pyproject.toml)
python-socketio==5.16.1
    # via pulse-backend (pyproject.toml)
pytz==2026.1.post1
    # via dateparser
pyyaml==6.0.3
    # via
    #   huggingface-hub
    #   transformers
    #   uvicorn
qrcode==8.2
    # via pulse-backend (pyproject.toml)
redis==6.4.0
    # via
    #   pulse-backend (pyproject.toml)
    #   kombu
regex==2026.2.28
    # via
    #   dateparser
    #   tiktoken
    #   transformers
requests==2.32.5
    # via
    #   google-api-core
    #   hubspot-api-client
    #   jira
    #   requests-oauthlib
    #   requests-toolbelt
    #   resend
    #   stripe
    #   tiktoken
requests-oauthlib==2.0.0
    # via jira
requests-toolbelt==1.0.0
    # via jira
resend==2.23.0
    # via pulse-backend (pyproject.toml)
rich==14.3.3
    # via typer
rsa==4.9.1
    # via python-jose
safetensors==0.7.0
    # via transformers
scikit-learn==1.8.0
    # via
    #   pulse-backend (pyproject.toml)
    #   bertopic
    #   hdbscan
    #   pynndescent
    #   sentence-transformers
    #   umap-learn
scipy==1.17.1
    # via
    #   hdbscan
    #   pynndescent
    #   scikit-learn
    #   sentence-transformers
    #   umap-learn
sentence-transformers==5.3.0
    # via
    #   pulse-backend (pyproject.toml)
    #   bertopic
setuptools==82.0.1
    # via torch
shellingham==1.5.4
    # via typer
simple-websocket==1.1.0
    # via python-engineio
six==1.17.0
    # via
    #   ecdsa
    #   hubspot-api-client
    #   python-dateutil
slack-sdk==3.41.0
    # via pulse-backend (pyproject.toml)
slowapi==0.1.9
    # via pulse-backend (pyproject.toml)
sniffio==1.3.1
    # via
    #   anthropic
    #   openai
soupsieve==2.8.3
    # via beautifulsoup4
sqlalchemy==2.0.48
    # via
    #   pulse-backend (pyproject.toml)
    #   alembic
sse-starlette==3.3.2
    # via pulse-backend (pyproject.toml)
starlette==0.52.1
    # via
    #   fastapi
    #   sse-starlette
stripe==14.4.1
    # via pulse-backend (pyproject.toml)
sympy==1.14.0
    # via torch
threadpoolctl==3.6.0
    # via scikit-learn
tiktoken==0.12.0
    # via pulse-backend (pyproject.toml)
tld==0.13.2
    # via courlan
tokenizers==0.22.2
    # via transformers
torch==2.10.0
    # via sentence-transformers
tqdm==4.67.3
    # via
    #   bertopic
    #   google-generativeai
    #   huggingface-hub
    #   openai
    #   sentence-transformers
    #   transformers
    #   umap-learn
trafilatura==2.0.0
    # via pulse-backend (pyproject.toml)
transformers==5.3.0
    # via sentence-transformers
typer==0.24.1
    # via
    #   huggingface-hub
    #   transformers
typing-extensions==4.15.0
    # via
    #   alembic
    #   anthropic
    #   anyio
    #   beautifulsoup4
    #   fastapi
    #   google-generativeai
    #   grpcio
    #   huggingface-hub
    #   jira
    #   limits
    #   openai
    #   psycopg
    #   psycopg-pool
    #   pydantic
    #   pydantic-core
    #   pyee
    #   python-docx
    #   resend
    #   sentence-transformers
    #   sqlalchemy
    #   starlette
    #   stripe
    #   torch
    #   typing-inspection
typing-inspection==0.4.2
    # via
    #   fastapi
    #   pydantic
    #   pydantic-settings
tzdata==2025.3
    # via kombu
tzlocal==5.3.1
    # via
    #   celery
    #   dateparser
umap-learn==0.5.11
    # via
    #   pulse-backend (pyproject.toml)
    #   bertopic
uritemplate==4.2.0
    # via google-api-python-client
urllib3==2.6.3
    # via
    #   courlan
    #   htmldate
    #   hubspot-api-client
    #   requests
    #   trafilatura
uvicorn==0.41.0
    # via pulse-backend (pyproject.toml)
uvloop==0.22.1
    # via uvicorn
vine==5.1.0
    # via
    #   amqp
    #   celery
    #   kombu
watchfiles==1.1.1
    # via uvicorn
wcwidth==0.6.0
    # via prompt-toolkit
websockets==16.0
    # via uvicorn
wrapt==2.1.2
    # via deprecated
wsproto==1.3.2
    # via simple-websocket
